{
  "name": "eom-control-surface",
  "version": "0.1.0",
  "lockfileVersion": 1,
  "requires": true,
  "dependencies": {
    "typed-bitwig-api": {
      "version": "6.0.0",
      "resolved": "https://registry.npmjs.org/typed-bitwig-api/-/typed-bitwig-api-6.0.0.tgz",
      "integrity": "sha512-woCA0++/+uGtXsrFuKGnMwEAvGGWUiyr3lzB1Mp0TPdp6rW49oOtuPbI8Qxmm3PwzffFVEw0FTV+AB5b7QyULw==",
      "dev": true
    },
    "typescript": {
      "version": "3.8.3",
      "resolved": "https://registry.npmjs.org/typescript/-/typescript-3.8.3.tgz",
      "integrity": "sha512-MYlEfn5VrLNsgudQTVJeNaQFUAI7DkhnOjdpAp4T+ku1TfQClewlbSuTVHiA+8skNBgaf02TL/kLOvig4y3G8w==",
      "dev": true
    }
  }
}
